
Microsoft Visual Studio Solution File, Format Version 12.00
# Visual Studio Version 16
VisualStudioVersion = 16.0.30011.22
MinimumVisualStudioVersion = 10.0.40219.1
Project("{9A19103F-16F7-4668-BE54-9A1E7A4F7556}") = "WinClientWPF", "WinClientWPF\WinClientWPF.csproj", "{9E49AC08-D759-4F4F-AF27-39A430384A12}"
EndProject
Project("{9A19103F-16F7-4668-BE54-9A1E7A4F7556}") = "grpcCalls", "grpcCalls\grpcCalls.csproj", "{3442CC37-0850-45C3-8459-5D419D1B6817}"
EndProject
Project("{9A19103F-16F7-4668-BE54-9A1E7A4F7556}") = "SDV701common", "..\SDV701BackEnd\SDV701common\SDV701common.csproj", "{7ED208A7-67B4-45B2-A8D0-09E6ED088EEE}"
EndProject
Project("{9A19103F-16F7-4668-BE54-9A1E7A4F7556}") = "WebClientWASM", "WebClientWASM\WebClientWASM.csproj", "{3FE1B66A-7356-4D69-9157-651242C3467D}"
EndProject
Global
	GlobalSection(SolutionConfigurationPlatforms) = preSolution
		Debug|Any CPU = Debug|Any CPU
		Release|Any CPU = Release|Any CPU
	EndGlobalSection
	GlobalSection(ProjectConfigurationPlatforms) = postSolution
		{9E49AC08-D759-4F4F-AF27-39A430384A12}.Debug|Any CPU.ActiveCfg = Debug|Any CPU
		{9E49AC08-D759-4F4F-AF27-39A430384A12}.Debug|Any CPU.Build.0 = Debug|Any CPU
		{9E49AC08-D759-4F4F-AF27-39A430384A12}.Release|Any CPU.ActiveCfg = Release|Any CPU
		{9E49AC08-D759-4F4F-AF27-39A430384A12}.Release|Any CPU.Build.0 = Release|Any CPU
		{3442CC37-0850-45C3-8459-5D419D1B6817}.Debug|Any CPU.ActiveCfg = Debug|Any CPU
		{3442CC37-0850-45C3-8459-5D419D1B6817}.Debug|Any CPU.Build.0 = Debug|Any CPU
		{3442CC37-0850-45C3-8459-5D419D1B6817}.Release|Any CPU.ActiveCfg = Release|Any CPU
		{3442CC37-0850-45C3-8459-5D419D1B6817}.Release|Any CPU.Build.0 = Release|Any CPU
		{7ED208A7-67B4-45B2-A8D0-09E6ED088EEE}.Debug|Any CPU.ActiveCfg = Debug|Any CPU
		{7ED208A7-67B4-45B2-A8D0-09E6ED088EEE}.Debug|Any CPU.Build.0 = Debug|Any CPU
		{7ED208A7-67B4-45B2-A8D0-09E6ED088EEE}.Release|Any CPU.ActiveCfg = Release|Any CPU
		{7ED208A7-67B4-45B2-A8D0-09E6ED088EEE}.Release|Any CPU.Build.0 = Release|Any CPU
		{3FE1B66A-7356-4D69-9157-651242C3467D}.Debug|Any CPU.ActiveCfg = Debug|Any CPU
		{3FE1B66A-7356-4D69-9157-651242C3467D}.Debug|Any CPU.Build.0 = Debug|Any CPU
		{3FE1B66A-7356-4D69-9157-651242C3467D}.Release|Any CPU.ActiveCfg = Release|Any CPU
		{3FE1B66A-7356-4D69-9157-651242C3467D}.Release|Any CPU.Build.0 = Release|Any CPU
	EndGlobalSection
	GlobalSection(SolutionProperties) = preSolution
		HideSolutionNode = FALSE
	EndGlobalSection
	GlobalSection(ExtensibilityGlobals) = postSolution
		SolutionGuid = {803B8628-920B-432E-B904-907D3D05D90C}
	EndGlobalSection
EndGlobal
